
Microsoft Visual Studio Solution File, Format Version 12.00
# Visual Studio Version 16
VisualStudioVersion = 16.0.32002.261
MinimumVisualStudioVersion = 10.0.40219.1
Project("{9A19103F-16F7-4668-BE54-9A1E7A4F7556}") = "Latihan", "Latihan\Latihan.csproj", "{C67CFDD0-F4E3-470B-9001-2C0136875365}"
EndProject
Project("{9A19103F-16F7-4668-BE54-9A1E7A4F7556}") = "LatihanAPI", "LatihanAPI\LatihanAPI.csproj", "{2DFD027B-BEFF-4467-8BAC-D7C815CE784E}"
EndProject
Project("{9A19103F-16F7-4668-BE54-9A1E7A4F7556}") = "LatihanTypeScript", "LatihanTypeScript\LatihanTypeScript.csproj", "{7F5F252C-435B-4C6C-8935-BEC4A6006690}"
EndProject
Global
	GlobalSection(SolutionConfigurationPlatforms) = preSolution
		Debug|Any CPU = Debug|Any CPU
		Release|Any CPU = Release|Any CPU
	EndGlobalSection
	GlobalSection(ProjectConfigurationPlatforms) = postSolution
		{C67CFDD0-F4E3-470B-9001-2C0136875365}.Debug|Any CPU.ActiveCfg = Debug|Any CPU
		{C67CFDD0-F4E3-470B-9001-2C0136875365}.Debug|Any CPU.Build.0 = Debug|Any CPU
		{C67CFDD0-F4E3-470B-9001-2C0136875365}.Release|Any CPU.ActiveCfg = Release|Any CPU
		{C67CFDD0-F4E3-470B-9001-2C0136875365}.Release|Any CPU.Build.0 = Release|Any CPU
		{2DFD027B-BEFF-4467-8BAC-D7C815CE784E}.Debug|Any CPU.ActiveCfg = Debug|Any CPU
		{2DFD027B-BEFF-4467-8BAC-D7C815CE784E}.Debug|Any CPU.Build.0 = Debug|Any CPU
		{2DFD027B-BEFF-4467-8BAC-D7C815CE784E}.Release|Any CPU.ActiveCfg = Release|Any CPU
		{2DFD027B-BEFF-4467-8BAC-D7C815CE784E}.Release|Any CPU.Build.0 = Release|Any CPU
		{7F5F252C-435B-4C6C-8935-BEC4A6006690}.Debug|Any CPU.ActiveCfg = Debug|Any CPU
		{7F5F252C-435B-4C6C-8935-BEC4A6006690}.Debug|Any CPU.Build.0 = Debug|Any CPU
		{7F5F252C-435B-4C6C-8935-BEC4A6006690}.Release|Any CPU.ActiveCfg = Release|Any CPU
		{7F5F252C-435B-4C6C-8935-BEC4A6006690}.Release|Any CPU.Build.0 = Release|Any CPU
	EndGlobalSection
	GlobalSection(SolutionProperties) = preSolution
		HideSolutionNode = FALSE
	EndGlobalSection
	GlobalSection(ExtensibilityGlobals) = postSolution
		SolutionGuid = {032EE0D5-4859-4944-A907-27E76C2F5118}
	EndGlobalSection
EndGlobal
