
Microsoft Visual Studio Solution File, Format Version 12.00
# Visual Studio Version 16
VisualStudioVersion = 16.0.32002.261
MinimumVisualStudioVersion = 10.0.40219.1
Project("{9A19103F-16F7-4668-BE54-9A1E7A4F7556}") = "Latihan", "Latihan.csproj", "{082D5DBE-A6F5-4F13-A3F9-FDC1216EFC83}"
EndProject
Project("{9A19103F-16F7-4668-BE54-9A1E7A4F7556}") = "LatihanAPI", "..\LatihanAPI\LatihanAPI.csproj", "{0E257635-27B8-43A9-B67F-FA5715F9ACA4}"
EndProject
Global
	GlobalSection(SolutionConfigurationPlatforms) = preSolution
		Debug|Any CPU = Debug|Any CPU
		Release|Any CPU = Release|Any CPU
	EndGlobalSection
	GlobalSection(ProjectConfigurationPlatforms) = postSolution
		{082D5DBE-A6F5-4F13-A3F9-FDC1216EFC83}.Debug|Any CPU.ActiveCfg = Debug|Any CPU
		{082D5DBE-A6F5-4F13-A3F9-FDC1216EFC83}.Debug|Any CPU.Build.0 = Debug|Any CPU
		{082D5DBE-A6F5-4F13-A3F9-FDC1216EFC83}.Release|Any CPU.ActiveCfg = Release|Any CPU
		{082D5DBE-A6F5-4F13-A3F9-FDC1216EFC83}.Release|Any CPU.Build.0 = Release|Any CPU
		{0E257635-27B8-43A9-B67F-FA5715F9ACA4}.Debug|Any CPU.ActiveCfg = Debug|Any CPU
		{0E257635-27B8-43A9-B67F-FA5715F9ACA4}.Debug|Any CPU.Build.0 = Debug|Any CPU
		{0E257635-27B8-43A9-B67F-FA5715F9ACA4}.Release|Any CPU.ActiveCfg = Release|Any CPU
		{0E257635-27B8-43A9-B67F-FA5715F9ACA4}.Release|Any CPU.Build.0 = Release|Any CPU
	EndGlobalSection
	GlobalSection(SolutionProperties) = preSolution
		HideSolutionNode = FALSE
	EndGlobalSection
	GlobalSection(ExtensibilityGlobals) = postSolution
		SolutionGuid = {032EE0D5-4859-4944-A907-27E76C2F5118}
	EndGlobalSection
EndGlobal
